
Microsoft Visual Studio Solution File, Format Version 12.00
# Visual Studio Version 16
VisualStudioVersion = 16.0.30114.105
MinimumVisualStudioVersion = 10.0.40219.1
Project("{FAE04EC0-301F-11D3-BF4B-00C04F79EFBC}") = "QueryStringGenerator", "QueryStringGenerator\QueryStringGenerator.csproj", "{C5DC7A3C-2274-4246-BE39-B4791C492B10}"
EndProject
Project("{FAE04EC0-301F-11D3-BF4B-00C04F79EFBC}") = "QueryStringGenerator.App", "QueryStringGenerator.App\QueryStringGenerator.App.csproj", "{7D54D5DF-FBEC-436B-9B5B-F5EDE1CF03EE}"
EndProject
Project("{FAE04EC0-301F-11D3-BF4B-00C04F79EFBC}") = "QueryStringGenerator.Tests", "QueryStringGenerator.Tests\QueryStringGenerator.Tests.csproj", "{68CEE3FC-5811-43BC-8C34-7DE2C3E0AA9E}"
EndProject
Global
	GlobalSection(SolutionConfigurationPlatforms) = preSolution
		Debug|Any CPU = Debug|Any CPU
		Release|Any CPU = Release|Any CPU
	EndGlobalSection
	GlobalSection(SolutionProperties) = preSolution
		HideSolutionNode = FALSE
	EndGlobalSection
	GlobalSection(ProjectConfigurationPlatforms) = postSolution
		{C5DC7A3C-2274-4246-BE39-B4791C492B10}.Debug|Any CPU.ActiveCfg = Debug|Any CPU
		{C5DC7A3C-2274-4246-BE39-B4791C492B10}.Debug|Any CPU.Build.0 = Debug|Any CPU
		{C5DC7A3C-2274-4246-BE39-B4791C492B10}.Release|Any CPU.ActiveCfg = Release|Any CPU
		{C5DC7A3C-2274-4246-BE39-B4791C492B10}.Release|Any CPU.Build.0 = Release|Any CPU
		{7D54D5DF-FBEC-436B-9B5B-F5EDE1CF03EE}.Debug|Any CPU.ActiveCfg = Debug|Any CPU
		{7D54D5DF-FBEC-436B-9B5B-F5EDE1CF03EE}.Debug|Any CPU.Build.0 = Debug|Any CPU
		{7D54D5DF-FBEC-436B-9B5B-F5EDE1CF03EE}.Release|Any CPU.ActiveCfg = Release|Any CPU
		{7D54D5DF-FBEC-436B-9B5B-F5EDE1CF03EE}.Release|Any CPU.Build.0 = Release|Any CPU
		{68CEE3FC-5811-43BC-8C34-7DE2C3E0AA9E}.Debug|Any CPU.ActiveCfg = Debug|Any CPU
		{68CEE3FC-5811-43BC-8C34-7DE2C3E0AA9E}.Debug|Any CPU.Build.0 = Debug|Any CPU
		{68CEE3FC-5811-43BC-8C34-7DE2C3E0AA9E}.Release|Any CPU.ActiveCfg = Release|Any CPU
		{68CEE3FC-5811-43BC-8C34-7DE2C3E0AA9E}.Release|Any CPU.Build.0 = Release|Any CPU
	EndGlobalSection
EndGlobal
